{
  "name": "res-astn-escape-string",
  "version": "0.17.0",
  "lockfileVersion": 2,
  "requires": true,
  "packages": {
    "": {
      "name": "res-astn-escape-string",
      "version": "0.17.0",
      "license": "ISC",
      "dependencies": {
        "api-astn-escape-string": "^0.1.0"
      }
    },
    "node_modules/api-astn-escape-string": {
      "version": "0.1.0",
      "resolved": "https://registry.npmjs.org/api-astn-escape-string/-/api-astn-escape-string-0.1.0.tgz",
      "integrity": "sha512-xbkPETq4eOhgcyEIdTQFn9SStXkDH30bU4JW+GjwuRUjzOcIrHdlAd4OkWyR5Qg15gyeYOlq8c+kpm6+0HsnhQ==",
      "dependencies": {
        "pareto-core-types": "^0.1.0"
      }
    },
    "node_modules/pareto-core-types": {
      "version": "0.1.0",
      "resolved": "https://registry.npmjs.org/pareto-core-types/-/pareto-core-types-0.1.0.tgz",
      "integrity": "sha512-0HzkufJz11Lus9Kt1AS5+ihBMjyJvpmw2/lQHOYhhIv8WwrTBpIsYJusEzrlnq2+wWAoK46giQeHFky2YQAnaw=="
    }
  },
  "dependencies": {
    "api-astn-escape-string": {
      "version": "0.1.0",
      "resolved": "https://registry.npmjs.org/api-astn-escape-string/-/api-astn-escape-string-0.1.0.tgz",
      "integrity": "sha512-xbkPETq4eOhgcyEIdTQFn9SStXkDH30bU4JW+GjwuRUjzOcIrHdlAd4OkWyR5Qg15gyeYOlq8c+kpm6+0HsnhQ==",
      "requires": {
        "pareto-core-types": "^0.1.0"
      }
    },
    "pareto-core-types": {
      "version": "0.1.0",
      "resolved": "https://registry.npmjs.org/pareto-core-types/-/pareto-core-types-0.1.0.tgz",
      "integrity": "sha512-0HzkufJz11Lus9Kt1AS5+ihBMjyJvpmw2/lQHOYhhIv8WwrTBpIsYJusEzrlnq2+wWAoK46giQeHFky2YQAnaw=="
    }
  }
}
