{
  "name": "res-astn-escape-string",
  "version": "0.3.0",
  "lockfileVersion": 2,
  "requires": true,
  "packages": {
    "": {
      "name": "res-astn-escape-string",
      "version": "0.3.0",
      "license": "ISC",
      "dependencies": {
        "api-astn-escape-string": "^0.3.0"
      }
    },
    "node_modules/api-astn-escape-string": {
      "version": "0.3.0",
      "resolved": "https://registry.npmjs.org/api-astn-escape-string/-/api-astn-escape-string-0.3.0.tgz",
      "integrity": "sha512-HTj+vhWtQrIFei3/qObtpIqmrDW2UdNs3PoneTCHP+6bU8F/WBPFqkn4mV3c2cqRU/oN8FQ8gX0G9i6ELhJYFw==",
      "dependencies": {
        "pareto-core-types": "^0.6.0"
      }
    },
    "node_modules/pareto-core-types": {
      "version": "0.6.0",
      "resolved": "https://registry.npmjs.org/pareto-core-types/-/pareto-core-types-0.6.0.tgz",
      "integrity": "sha512-q9M6w+M6kgJBaroffQto9oRqsBKDpYI+JbJgO+7wVUx5QPew9kEsdevkNfjPPPWhq0grRg9Nj3t2gQy6wXyL2g=="
    }
  },
  "dependencies": {
    "api-astn-escape-string": {
      "version": "0.3.0",
      "resolved": "https://registry.npmjs.org/api-astn-escape-string/-/api-astn-escape-string-0.3.0.tgz",
      "integrity": "sha512-HTj+vhWtQrIFei3/qObtpIqmrDW2UdNs3PoneTCHP+6bU8F/WBPFqkn4mV3c2cqRU/oN8FQ8gX0G9i6ELhJYFw==",
      "requires": {
        "pareto-core-types": "^0.6.0"
      }
    },
    "pareto-core-types": {
      "version": "0.6.0",
      "resolved": "https://registry.npmjs.org/pareto-core-types/-/pareto-core-types-0.6.0.tgz",
      "integrity": "sha512-q9M6w+M6kgJBaroffQto9oRqsBKDpYI+JbJgO+7wVUx5QPew9kEsdevkNfjPPPWhq0grRg9Nj3t2gQy6wXyL2g=="
    }
  }
}
